{
  "name": "Database_Project",
  "lockfileVersion": 3,
  "requires": true,
  "packages": {
    "": {
      "dependencies": {
        "react-slugify": "^3.0.3"
      }
    },
    "node_modules/react-slugify": {
      "version": "3.0.3",
      "resolved": "https://registry.npmjs.org/react-slugify/-/react-slugify-3.0.3.tgz",
      "integrity": "sha512-CWQvLIyG8vOH8DWBY+fKvJHtd2IWLHVk0mfQlFS28kVckQBv06NGJajAOurS3+HSgsmYP/6R9qDAdJYSotXMWA=="
    }
  }
}
